
Microsoft Visual Studio Solution File, Format Version 12.00
# Visual Studio Version 17
VisualStudioVersion = 17.8.34330.188
MinimumVisualStudioVersion = 10.0.40219.1
Project("{9A19103F-16F7-4668-BE54-9A1E7A4F7556}") = "PolisenNews.Cms", "PolisenNews.Cms.csproj", "{505FB20D-9DBD-4F41-BF02-478A434D4FA4}"
EndProject
Global
	GlobalSection(SolutionConfigurationPlatforms) = preSolution
		Debug|Any CPU = Debug|Any CPU
		Release|Any CPU = Release|Any CPU
	EndGlobalSection
	GlobalSection(ProjectConfigurationPlatforms) = postSolution
		{505FB20D-9DBD-4F41-BF02-478A434D4FA4}.Debug|Any CPU.ActiveCfg = Debug|Any CPU
		{505FB20D-9DBD-4F41-BF02-478A434D4FA4}.Debug|Any CPU.Build.0 = Debug|Any CPU
		{505FB20D-9DBD-4F41-BF02-478A434D4FA4}.Release|Any CPU.ActiveCfg = Release|Any CPU
		{505FB20D-9DBD-4F41-BF02-478A434D4FA4}.Release|Any CPU.Build.0 = Release|Any CPU
	EndGlobalSection
	GlobalSection(SolutionProperties) = preSolution
		HideSolutionNode = FALSE
	EndGlobalSection
	GlobalSection(ExtensibilityGlobals) = postSolution
		SolutionGuid = {8EA8CD99-3383-47B3-9040-E48BB0D38590}
	EndGlobalSection
EndGlobal
